{
  "requires": true,
  "lockfileVersion": 1,
  "dependencies": {
    "husky": {
      "version": "5.1.1",
      "resolved": "https://registry.npmjs.org/husky/-/husky-5.1.1.tgz",
      "integrity": "sha512-80LZ736V0Nr4/st0c2COYaMbEQhHNmAbLMN8J/kLk7/mo0QdUkUGNDjv/7jVkhug377Wh8wfbWyaVXEJ/h2B/Q==",
      "dev": true,
      "pre-commit": "npm run prod"
    },
   "scripts": {
      "prod": "echo \"Add your build command here\"",
      "postinstall": "node ./node_modules/husky/lib/installer/bin install",
      "deploy": "git push origin `git subtree split --prefix dist master`:gh-pages --force"
      }
  }

  
}
